// !$*UTF8*$!
{
	archiveVersion = 1;
	classes = {
	};
	objectVersion = 56;
	objects = {

/* Begin PBXBuildFile section */
		CC50F3F92C4C2B6E0094823C /* RickAndMortyApp.swift in Sources */ = {isa = PBXBuildFile; fileRef = CC50F3F82C4C2B6E0094823C /* RickAndMortyApp.swift */; };
		CC50F3FD2C4C2B6F0094823C /* Assets.xcassets in Resources */ = {isa = PBXBuildFile; fileRef = CC50F3FC2C4C2B6F0094823C /* Assets.xcassets */; };
		CC50F4002C4C2B6F0094823C /* Preview Assets.xcassets in Resources */ = {isa = PBXBuildFile; fileRef = CC50F3FF2C4C2B6F0094823C /* Preview Assets.xcassets */; };
		CC50F4022C4C2B6F0094823C /* Persistence.swift in Sources */ = {isa = PBXBuildFile; fileRef = CC50F4012C4C2B6F0094823C /* Persistence.swift */; };
		CC50F4052C4C2B6F0094823C /* RickAndMorty.xcdatamodeld in Sources */ = {isa = PBXBuildFile; fileRef = CC50F4032C4C2B6F0094823C /* RickAndMorty.xcdatamodeld */; };
		CC50F40F2C4C2B6F0094823C /* RickAndMortyTests.swift in Sources */ = {isa = PBXBuildFile; fileRef = CC50F40E2C4C2B6F0094823C /* RickAndMortyTests.swift */; };
		CC50F4192C4C2B700094823C /* RickAndMortyUITests.swift in Sources */ = {isa = PBXBuildFile; fileRef = CC50F4182C4C2B700094823C /* RickAndMortyUITests.swift */; };
		CC50F41B2C4C2B700094823C /* RickAndMortyUITestsLaunchTests.swift in Sources */ = {isa = PBXBuildFile; fileRef = CC50F41A2C4C2B700094823C /* RickAndMortyUITestsLaunchTests.swift */; };
		CC50F42C2C4C2E190094823C /* Character.swift in Sources */ = {isa = PBXBuildFile; fileRef = CC50F42B2C4C2E190094823C /* Character.swift */; };
		CC50F42D2C4C2E190094823C /* Character.swift in Sources */ = {isa = PBXBuildFile; fileRef = CC50F42B2C4C2E190094823C /* Character.swift */; };
		CC50F42E2C4C2E190094823C /* Character.swift in Sources */ = {isa = PBXBuildFile; fileRef = CC50F42B2C4C2E190094823C /* Character.swift */; };
		CC50F4302C4C3E4B0094823C /* CharacterViewModel.swift in Sources */ = {isa = PBXBuildFile; fileRef = CC50F42F2C4C3E4B0094823C /* CharacterViewModel.swift */; };
		CC50F4312C4C3E4B0094823C /* CharacterViewModel.swift in Sources */ = {isa = PBXBuildFile; fileRef = CC50F42F2C4C3E4B0094823C /* CharacterViewModel.swift */; };
		CC50F4322C4C3E4B0094823C /* CharacterViewModel.swift in Sources */ = {isa = PBXBuildFile; fileRef = CC50F42F2C4C3E4B0094823C /* CharacterViewModel.swift */; };
		CC50F4342C4C43270094823C /* ListView.swift in Sources */ = {isa = PBXBuildFile; fileRef = CC50F4332C4C43270094823C /* ListView.swift */; };
		CC50F4352C4C43270094823C /* ListView.swift in Sources */ = {isa = PBXBuildFile; fileRef = CC50F4332C4C43270094823C /* ListView.swift */; };
		CC50F4362C4C43270094823C /* ListView.swift in Sources */ = {isa = PBXBuildFile; fileRef = CC50F4332C4C43270094823C /* ListView.swift */; };
		CC50F4392C4CE1EA0094823C /* BigCard.swift in Sources */ = {isa = PBXBuildFile; fileRef = CC50F4382C4CE1EA0094823C /* BigCard.swift */; };
		CC50F43A2C4CE1EA0094823C /* BigCard.swift in Sources */ = {isa = PBXBuildFile; fileRef = CC50F4382C4CE1EA0094823C /* BigCard.swift */; };
		CC50F43B2C4CE1EA0094823C /* BigCard.swift in Sources */ = {isa = PBXBuildFile; fileRef = CC50F4382C4CE1EA0094823C /* BigCard.swift */; };
		CCC95E032C4F44CB00D6459F /* CarouselView.swift in Sources */ = {isa = PBXBuildFile; fileRef = CCC95E022C4F44CB00D6459F /* CarouselView.swift */; };
		CCC95E042C4F44CB00D6459F /* CarouselView.swift in Sources */ = {isa = PBXBuildFile; fileRef = CCC95E022C4F44CB00D6459F /* CarouselView.swift */; };
		CCC95E052C4F44CB00D6459F /* CarouselView.swift in Sources */ = {isa = PBXBuildFile; fileRef = CCC95E022C4F44CB00D6459F /* CarouselView.swift */; };
		CCC95E0F2C507ADB00D6459F /* MainView.swift in Sources */ = {isa = PBXBuildFile; fileRef = CCC95E0E2C507ADB00D6459F /* MainView.swift */; };
		CCC95E162C508AE100D6459F /* RowCard.swift in Sources */ = {isa = PBXBuildFile; fileRef = CCC95E152C508AE100D6459F /* RowCard.swift */; };
		CCC95E172C508AE100D6459F /* RowCard.swift in Sources */ = {isa = PBXBuildFile; fileRef = CCC95E152C508AE100D6459F /* RowCard.swift */; };
		CCC95E182C508AE100D6459F /* RowCard.swift in Sources */ = {isa = PBXBuildFile; fileRef = CCC95E152C508AE100D6459F /* RowCard.swift */; };
		CCC95E1A2C50A71900D6459F /* DescriptionView.swift in Sources */ = {isa = PBXBuildFile; fileRef = CCC95E192C50A71900D6459F /* DescriptionView.swift */; };
		CCC95E1B2C50A71900D6459F /* DescriptionView.swift in Sources */ = {isa = PBXBuildFile; fileRef = CCC95E192C50A71900D6459F /* DescriptionView.swift */; };
		CCC95E1C2C50A71900D6459F /* DescriptionView.swift in Sources */ = {isa = PBXBuildFile; fileRef = CCC95E192C50A71900D6459F /* DescriptionView.swift */; };
		CCC95E1E2C50A8BB00D6459F /* ProfileCard.swift in Sources */ = {isa = PBXBuildFile; fileRef = CCC95E1D2C50A8BB00D6459F /* ProfileCard.swift */; };
		CCC95E1F2C50A8BC00D6459F /* ProfileCard.swift in Sources */ = {isa = PBXBuildFile; fileRef = CCC95E1D2C50A8BB00D6459F /* ProfileCard.swift */; };
		CCC95E202C50A8BC00D6459F /* ProfileCard.swift in Sources */ = {isa = PBXBuildFile; fileRef = CCC95E1D2C50A8BB00D6459F /* ProfileCard.swift */; };
		CCC95E232C50AC0B00D6459F /* GREENFUZ.TTF in Resources */ = {isa = PBXBuildFile; fileRef = CCC95E222C50AC0B00D6459F /* GREENFUZ.TTF */; };
		CCC95E242C50AC0B00D6459F /* GREENFUZ.TTF in Resources */ = {isa = PBXBuildFile; fileRef = CCC95E222C50AC0B00D6459F /* GREENFUZ.TTF */; };
		CCC95E252C50AC0B00D6459F /* GREENFUZ.TTF in Resources */ = {isa = PBXBuildFile; fileRef = CCC95E222C50AC0B00D6459F /* GREENFUZ.TTF */; };
/* End PBXBuildFile section */

/* Begin PBXContainerItemProxy section */
		CC50F40B2C4C2B6F0094823C /* PBXContainerItemProxy */ = {
			isa = PBXContainerItemProxy;
			containerPortal = CC50F3ED2C4C2B6E0094823C /* Project object */;
			proxyType = 1;
			remoteGlobalIDString = CC50F3F42C4C2B6E0094823C;
			remoteInfo = RickAndMorty;
		};
		CC50F4152C4C2B700094823C /* PBXContainerItemProxy */ = {
			isa = PBXContainerItemProxy;
			containerPortal = CC50F3ED2C4C2B6E0094823C /* Project object */;
			proxyType = 1;
			remoteGlobalIDString = CC50F3F42C4C2B6E0094823C;
			remoteInfo = RickAndMorty;
		};
/* End PBXContainerItemProxy section */

/* Begin PBXFileReference section */
		CC50F3F52C4C2B6E0094823C /* RickAndMorty.app */ = {isa = PBXFileReference; explicitFileType = wrapper.application; includeInIndex = 0; path = RickAndMorty.app; sourceTree = BUILT_PRODUCTS_DIR; };
		CC50F3F82C4C2B6E0094823C /* RickAndMortyApp.swift */ = {isa = PBXFileReference; lastKnownFileType = sourcecode.swift; path = RickAndMortyApp.swift; sourceTree = "<group>"; };
		CC50F3FC2C4C2B6F0094823C /* Assets.xcassets */ = {isa = PBXFileReference; lastKnownFileType = folder.assetcatalog; path = Assets.xcassets; sourceTree = "<group>"; };
		CC50F3FF2C4C2B6F0094823C /* Preview Assets.xcassets */ = {isa = PBXFileReference; lastKnownFileType = folder.assetcatalog; path = "Preview Assets.xcassets"; sourceTree = "<group>"; };
		CC50F4012C4C2B6F0094823C /* Persistence.swift */ = {isa = PBXFileReference; lastKnownFileType = sourcecode.swift; path = Persistence.swift; sourceTree = "<group>"; };
		CC50F4042C4C2B6F0094823C /* RickAndMorty.xcdatamodel */ = {isa = PBXFileReference; lastKnownFileType = wrapper.xcdatamodel; path = RickAndMorty.xcdatamodel; sourceTree = "<group>"; };
		CC50F40A2C4C2B6F0094823C /* RickAndMortyTests.xctest */ = {isa = PBXFileReference; explicitFileType = wrapper.cfbundle; includeInIndex = 0; path = RickAndMortyTests.xctest; sourceTree = BUILT_PRODUCTS_DIR; };
		CC50F40E2C4C2B6F0094823C /* RickAndMortyTests.swift */ = {isa = PBXFileReference; lastKnownFileType = sourcecode.swift; path = RickAndMortyTests.swift; sourceTree = "<group>"; };
		CC50F4142C4C2B700094823C /* RickAndMortyUITests.xctest */ = {isa = PBXFileReference; explicitFileType = wrapper.cfbundle; includeInIndex = 0; path = RickAndMortyUITests.xctest; sourceTree = BUILT_PRODUCTS_DIR; };
		CC50F4182C4C2B700094823C /* RickAndMortyUITests.swift */ = {isa = PBXFileReference; lastKnownFileType = sourcecode.swift; path = RickAndMortyUITests.swift; sourceTree = "<group>"; };
		CC50F41A2C4C2B700094823C /* RickAndMortyUITestsLaunchTests.swift */ = {isa = PBXFileReference; lastKnownFileType = sourcecode.swift; path = RickAndMortyUITestsLaunchTests.swift; sourceTree = "<group>"; };
		CC50F42B2C4C2E190094823C /* Character.swift */ = {isa = PBXFileReference; lastKnownFileType = sourcecode.swift; path = Character.swift; sourceTree = "<group>"; };
		CC50F42F2C4C3E4B0094823C /* CharacterViewModel.swift */ = {isa = PBXFileReference; lastKnownFileType = sourcecode.swift; path = CharacterViewModel.swift; sourceTree = "<group>"; };
		CC50F4332C4C43270094823C /* ListView.swift */ = {isa = PBXFileReference; lastKnownFileType = sourcecode.swift; path = ListView.swift; sourceTree = "<group>"; };
		CC50F4382C4CE1EA0094823C /* BigCard.swift */ = {isa = PBXFileReference; lastKnownFileType = sourcecode.swift; path = BigCard.swift; sourceTree = "<group>"; };
		CCC95E022C4F44CB00D6459F /* CarouselView.swift */ = {isa = PBXFileReference; lastKnownFileType = sourcecode.swift; path = CarouselView.swift; sourceTree = "<group>"; };
		CCC95E0E2C507ADB00D6459F /* MainView.swift */ = {isa = PBXFileReference; lastKnownFileType = sourcecode.swift; path = MainView.swift; sourceTree = "<group>"; };
		CCC95E152C508AE100D6459F /* RowCard.swift */ = {isa = PBXFileReference; lastKnownFileType = sourcecode.swift; path = RowCard.swift; sourceTree = "<group>"; };
		CCC95E192C50A71900D6459F /* DescriptionView.swift */ = {isa = PBXFileReference; lastKnownFileType = sourcecode.swift; path = DescriptionView.swift; sourceTree = "<group>"; };
		CCC95E1D2C50A8BB00D6459F /* ProfileCard.swift */ = {isa = PBXFileReference; lastKnownFileType = sourcecode.swift; path = ProfileCard.swift; sourceTree = "<group>"; };
		CCC95E222C50AC0B00D6459F /* GREENFUZ.TTF */ = {isa = PBXFileReference; lastKnownFileType = file; path = GREENFUZ.TTF; sourceTree = "<group>"; };
		CCC95E262C50ACE200D6459F /* Info.plist */ = {isa = PBXFileReference; lastKnownFileType = text.plist; path = Info.plist; sourceTree = "<group>"; };
/* End PBXFileReference section */

/* Begin PBXFrameworksBuildPhase section */
		CC50F3F22C4C2B6E0094823C /* Frameworks */ = {
			isa = PBXFrameworksBuildPhase;
			buildActionMask = 2147483647;
			files = (
			);
			runOnlyForDeploymentPostprocessing = 0;
		};
		CC50F4072C4C2B6F0094823C /* Frameworks */ = {
			isa = PBXFrameworksBuildPhase;
			buildActionMask = 2147483647;
			files = (
			);
			runOnlyForDeploymentPostprocessing = 0;
		};
		CC50F4112C4C2B700094823C /* Frameworks */ = {
			isa = PBXFrameworksBuildPhase;
			buildActionMask = 2147483647;
			files = (
			);
			runOnlyForDeploymentPostprocessing = 0;
		};
/* End PBXFrameworksBuildPhase section */

/* Begin PBXGroup section */
		CC50F3EC2C4C2B6E0094823C = {
			isa = PBXGroup;
			children = (
				CC50F3F72C4C2B6E0094823C /* RickAndMorty */,
				CC50F40D2C4C2B6F0094823C /* RickAndMortyTests */,
				CC50F4172C4C2B700094823C /* RickAndMortyUITests */,
				CC50F3F62C4C2B6E0094823C /* Products */,
			);
			sourceTree = "<group>";
		};
		CC50F3F62C4C2B6E0094823C /* Products */ = {
			isa = PBXGroup;
			children = (
				CC50F3F52C4C2B6E0094823C /* RickAndMorty.app */,
				CC50F40A2C4C2B6F0094823C /* RickAndMortyTests.xctest */,
				CC50F4142C4C2B700094823C /* RickAndMortyUITests.xctest */,
			);
			name = Products;
			sourceTree = "<group>";
		};
		CC50F3F72C4C2B6E0094823C /* RickAndMorty */ = {
			isa = PBXGroup;
			children = (
				CCC95E262C50ACE200D6459F /* Info.plist */,
				CCC95E212C50AA1D00D6459F /* fonts */,
				CC50F42A2C4C2D6A0094823C /* ViewModels */,
				CC50F4282C4C2D540094823C /* Views */,
				CC50F4272C4C2D4A0094823C /* Models */,
				CC50F3F82C4C2B6E0094823C /* RickAndMortyApp.swift */,
				CCC95E0E2C507ADB00D6459F /* MainView.swift */,
				CC50F3FC2C4C2B6F0094823C /* Assets.xcassets */,
				CC50F4012C4C2B6F0094823C /* Persistence.swift */,
				CC50F4032C4C2B6F0094823C /* RickAndMorty.xcdatamodeld */,
				CC50F3FE2C4C2B6F0094823C /* Preview Content */,
			);
			path = RickAndMorty;
			sourceTree = "<group>";
		};
		CC50F3FE2C4C2B6F0094823C /* Preview Content */ = {
			isa = PBXGroup;
			children = (
				CC50F3FF2C4C2B6F0094823C /* Preview Assets.xcassets */,
			);
			path = "Preview Content";
			sourceTree = "<group>";
		};
		CC50F40D2C4C2B6F0094823C /* RickAndMortyTests */ = {
			isa = PBXGroup;
			children = (
				CC50F40E2C4C2B6F0094823C /* RickAndMortyTests.swift */,
			);
			path = RickAndMortyTests;
			sourceTree = "<group>";
		};
		CC50F4172C4C2B700094823C /* RickAndMortyUITests */ = {
			isa = PBXGroup;
			children = (
				CC50F4182C4C2B700094823C /* RickAndMortyUITests.swift */,
				CC50F41A2C4C2B700094823C /* RickAndMortyUITestsLaunchTests.swift */,
			);
			path = RickAndMortyUITests;
			sourceTree = "<group>";
		};
		CC50F4272C4C2D4A0094823C /* Models */ = {
			isa = PBXGroup;
			children = (
				CC50F42B2C4C2E190094823C /* Character.swift */,
			);
			path = Models;
			sourceTree = "<group>";
		};
		CC50F4282C4C2D540094823C /* Views */ = {
			isa = PBXGroup;
			children = (
				CCC95E022C4F44CB00D6459F /* CarouselView.swift */,
				CC50F4332C4C43270094823C /* ListView.swift */,
				CCC95E192C50A71900D6459F /* DescriptionView.swift */,
				CC50F4372C4CE1C90094823C /* Components */,
			);
			path = Views;
			sourceTree = "<group>";
		};
		CC50F42A2C4C2D6A0094823C /* ViewModels */ = {
			isa = PBXGroup;
			children = (
				CC50F42F2C4C3E4B0094823C /* CharacterViewModel.swift */,
			);
			path = ViewModels;
			sourceTree = "<group>";
		};
		CC50F4372C4CE1C90094823C /* Components */ = {
			isa = PBXGroup;
			children = (
				CCC95E152C508AE100D6459F /* RowCard.swift */,
				CC50F4382C4CE1EA0094823C /* BigCard.swift */,
				CCC95E1D2C50A8BB00D6459F /* ProfileCard.swift */,
			);
			path = Components;
			sourceTree = "<group>";
		};
		CCC95E212C50AA1D00D6459F /* fonts */ = {
			isa = PBXGroup;
			children = (
				CCC95E222C50AC0B00D6459F /* GREENFUZ.TTF */,
			);
			path = fonts;
			sourceTree = "<group>";
		};
/* End PBXGroup section */

/* Begin PBXNativeTarget section */
		CC50F3F42C4C2B6E0094823C /* RickAndMorty */ = {
			isa = PBXNativeTarget;
			buildConfigurationList = CC50F41E2C4C2B700094823C /* Build configuration list for PBXNativeTarget "RickAndMorty" */;
			buildPhases = (
				CC50F3F12C4C2B6E0094823C /* Sources */,
				CC50F3F22C4C2B6E0094823C /* Frameworks */,
				CC50F3F32C4C2B6E0094823C /* Resources */,
			);
			buildRules = (
			);
			dependencies = (
			);
			name = RickAndMorty;
			productName = RickAndMorty;
			productReference = CC50F3F52C4C2B6E0094823C /* RickAndMorty.app */;
			productType = "com.apple.product-type.application";
		};
		CC50F4092C4C2B6F0094823C /* RickAndMortyTests */ = {
			isa = PBXNativeTarget;
			buildConfigurationList = CC50F4212C4C2B700094823C /* Build configuration list for PBXNativeTarget "RickAndMortyTests" */;
			buildPhases = (
				CC50F4062C4C2B6F0094823C /* Sources */,
				CC50F4072C4C2B6F0094823C /* Frameworks */,
				CC50F4082C4C2B6F0094823C /* Resources */,
			);
			buildRules = (
			);
			dependencies = (
				CC50F40C2C4C2B6F0094823C /* PBXTargetDependency */,
			);
			name = RickAndMortyTests;
			productName = RickAndMortyTests;
			productReference = CC50F40A2C4C2B6F0094823C /* RickAndMortyTests.xctest */;
			productType = "com.apple.product-type.bundle.unit-test";
		};
		CC50F4132C4C2B700094823C /* RickAndMortyUITests */ = {
			isa = PBXNativeTarget;
			buildConfigurationList = CC50F4242C4C2B700094823C /* Build configuration list for PBXNativeTarget "RickAndMortyUITests" */;
			buildPhases = (
				CC50F4102C4C2B700094823C /* Sources */,
				CC50F4112C4C2B700094823C /* Frameworks */,
				CC50F4122C4C2B700094823C /* Resources */,
			);
			buildRules = (
			);
			dependencies = (
				CC50F4162C4C2B700094823C /* PBXTargetDependency */,
			);
			name = RickAndMortyUITests;
			productName = RickAndMortyUITests;
			productReference = CC50F4142C4C2B700094823C /* RickAndMortyUITests.xctest */;
			productType = "com.apple.product-type.bundle.ui-testing";
		};
/* End PBXNativeTarget section */

/* Begin PBXProject section */
		CC50F3ED2C4C2B6E0094823C /* Project object */ = {
			isa = PBXProject;
			attributes = {
				BuildIndependentTargetsInParallel = 1;
				LastSwiftUpdateCheck = 1530;
				LastUpgradeCheck = 1530;
				TargetAttributes = {
					CC50F3F42C4C2B6E0094823C = {
						CreatedOnToolsVersion = 15.3;
					};
					CC50F4092C4C2B6F0094823C = {
						CreatedOnToolsVersion = 15.3;
						TestTargetID = CC50F3F42C4C2B6E0094823C;
					};
					CC50F4132C4C2B700094823C = {
						CreatedOnToolsVersion = 15.3;
						TestTargetID = CC50F3F42C4C2B6E0094823C;
					};
				};
			};
			buildConfigurationList = CC50F3F02C4C2B6E0094823C /* Build configuration list for PBXProject "RickAndMorty" */;
			compatibilityVersion = "Xcode 14.0";
			developmentRegion = en;
			hasScannedForEncodings = 0;
			knownRegions = (
				en,
				Base,
			);
			mainGroup = CC50F3EC2C4C2B6E0094823C;
			productRefGroup = CC50F3F62C4C2B6E0094823C /* Products */;
			projectDirPath = "";
			projectRoot = "";
			targets = (
				CC50F3F42C4C2B6E0094823C /* RickAndMorty */,
				CC50F4092C4C2B6F0094823C /* RickAndMortyTests */,
				CC50F4132C4C2B700094823C /* RickAndMortyUITests */,
			);
		};
/* End PBXProject section */

/* Begin PBXResourcesBuildPhase section */
		CC50F3F32C4C2B6E0094823C /* Resources */ = {
			isa = PBXResourcesBuildPhase;
			buildActionMask = 2147483647;
			files = (
				CC50F4002C4C2B6F0094823C /* Preview Assets.xcassets in Resources */,
				CC50F3FD2C4C2B6F0094823C /* Assets.xcassets in Resources */,
				CCC95E232C50AC0B00D6459F /* GREENFUZ.TTF in Resources */,
			);
			runOnlyForDeploymentPostprocessing = 0;
		};
		CC50F4082C4C2B6F0094823C /* Resources */ = {
			isa = PBXResourcesBuildPhase;
			buildActionMask = 2147483647;
			files = (
				CCC95E242C50AC0B00D6459F /* GREENFUZ.TTF in Resources */,
			);
			runOnlyForDeploymentPostprocessing = 0;
		};
		CC50F4122C4C2B700094823C /* Resources */ = {
			isa = PBXResourcesBuildPhase;
			buildActionMask = 2147483647;
			files = (
				CCC95E252C50AC0B00D6459F /* GREENFUZ.TTF in Resources */,
			);
			runOnlyForDeploymentPostprocessing = 0;
		};
/* End PBXResourcesBuildPhase section */

/* Begin PBXSourcesBuildPhase section */
		CC50F3F12C4C2B6E0094823C /* Sources */ = {
			isa = PBXSourcesBuildPhase;
			buildActionMask = 2147483647;
			files = (
				CCC95E032C4F44CB00D6459F /* CarouselView.swift in Sources */,
				CCC95E0F2C507ADB00D6459F /* MainView.swift in Sources */,
				CC50F4052C4C2B6F0094823C /* RickAndMorty.xcdatamodeld in Sources */,
				CC50F4022C4C2B6F0094823C /* Persistence.swift in Sources */,
				CC50F4342C4C43270094823C /* ListView.swift in Sources */,
				CC50F42C2C4C2E190094823C /* Character.swift in Sources */,
				CC50F4392C4CE1EA0094823C /* BigCard.swift in Sources */,
				CCC95E1A2C50A71900D6459F /* DescriptionView.swift in Sources */,
				CCC95E162C508AE100D6459F /* RowCard.swift in Sources */,
				CC50F4302C4C3E4B0094823C /* CharacterViewModel.swift in Sources */,
				CC50F3F92C4C2B6E0094823C /* RickAndMortyApp.swift in Sources */,
				CCC95E1E2C50A8BB00D6459F /* ProfileCard.swift in Sources */,
			);
			runOnlyForDeploymentPostprocessing = 0;
		};
		CC50F4062C4C2B6F0094823C /* Sources */ = {
			isa = PBXSourcesBuildPhase;
			buildActionMask = 2147483647;
			files = (
				CCC95E172C508AE100D6459F /* RowCard.swift in Sources */,
				CC50F43A2C4CE1EA0094823C /* BigCard.swift in Sources */,
				CC50F40F2C4C2B6F0094823C /* RickAndMortyTests.swift in Sources */,
				CC50F4312C4C3E4B0094823C /* CharacterViewModel.swift in Sources */,
				CCC95E042C4F44CB00D6459F /* CarouselView.swift in Sources */,
				CCC95E1F2C50A8BC00D6459F /* ProfileCard.swift in Sources */,
				CC50F4352C4C43270094823C /* ListView.swift in Sources */,
				CC50F42D2C4C2E190094823C /* Character.swift in Sources */,
				CCC95E1B2C50A71900D6459F /* DescriptionView.swift in Sources */,
			);
			runOnlyForDeploymentPostprocessing = 0;
		};
		CC50F4102C4C2B700094823C /* Sources */ = {
			isa = PBXSourcesBuildPhase;
			buildActionMask = 2147483647;
			files = (
				CC50F4322C4C3E4B0094823C /* CharacterViewModel.swift in Sources */,
				CC50F42E2C4C2E190094823C /* Character.swift in Sources */,
				CCC95E182C508AE100D6459F /* RowCard.swift in Sources */,
				CCC95E1C2C50A71900D6459F /* DescriptionView.swift in Sources */,
				CC50F4362C4C43270094823C /* ListView.swift in Sources */,
				CCC95E202C50A8BC00D6459F /* ProfileCard.swift in Sources */,
				CC50F43B2C4CE1EA0094823C /* BigCard.swift in Sources */,
				CC50F4192C4C2B700094823C /* RickAndMortyUITests.swift in Sources */,
				CCC95E052C4F44CB00D6459F /* CarouselView.swift in Sources */,
				CC50F41B2C4C2B700094823C /* RickAndMortyUITestsLaunchTests.swift in Sources */,
			);
			runOnlyForDeploymentPostprocessing = 0;
		};
/* End PBXSourcesBuildPhase section */

/* Begin PBXTargetDependency section */
		CC50F40C2C4C2B6F0094823C /* PBXTargetDependency */ = {
			isa = PBXTargetDependency;
			target = CC50F3F42C4C2B6E0094823C /* RickAndMorty */;
			targetProxy = CC50F40B2C4C2B6F0094823C /* PBXContainerItemProxy */;
		};
		CC50F4162C4C2B700094823C /* PBXTargetDependency */ = {
			isa = PBXTargetDependency;
			target = CC50F3F42C4C2B6E0094823C /* RickAndMorty */;
			targetProxy = CC50F4152C4C2B700094823C /* PBXContainerItemProxy */;
		};
/* End PBXTargetDependency section */

/* Begin XCBuildConfiguration section */
		CC50F41C2C4C2B700094823C /* Debug */ = {
			isa = XCBuildConfiguration;
			buildSettings = {
				ALWAYS_SEARCH_USER_PATHS = NO;
				ASSETCATALOG_COMPILER_GENERATE_SWIFT_ASSET_SYMBOL_EXTENSIONS = YES;
				CLANG_ANALYZER_NONNULL = YES;
				CLANG_ANALYZER_NUMBER_OBJECT_CONVERSION = YES_AGGRESSIVE;
				CLANG_CXX_LANGUAGE_STANDARD = "gnu++20";
				CLANG_ENABLE_MODULES = YES;
				CLANG_ENABLE_OBJC_ARC = YES;
				CLANG_ENABLE_OBJC_WEAK = YES;
				CLANG_WARN_BLOCK_CAPTURE_AUTORELEASING = YES;
				CLANG_WARN_BOOL_CONVERSION = YES;
				CLANG_WARN_COMMA = YES;
				CLANG_WARN_CONSTANT_CONVERSION = YES;
				CLANG_WARN_DEPRECATED_OBJC_IMPLEMENTATIONS = YES;
				CLANG_WARN_DIRECT_OBJC_ISA_USAGE = YES_ERROR;
				CLANG_WARN_DOCUMENTATION_COMMENTS = YES;
				CLANG_WARN_EMPTY_BODY = YES;
				CLANG_WARN_ENUM_CONVERSION = YES;
				CLANG_WARN_INFINITE_RECURSION = YES;
				CLANG_WARN_INT_CONVERSION = YES;
				CLANG_WARN_NON_LITERAL_NULL_CONVERSION = YES;
				CLANG_WARN_OBJC_IMPLICIT_RETAIN_SELF = YES;
				CLANG_WARN_OBJC_LITERAL_CONVERSION = YES;
				CLANG_WARN_OBJC_ROOT_CLASS = YES_ERROR;
				CLANG_WARN_QUOTED_INCLUDE_IN_FRAMEWORK_HEADER = YES;
				CLANG_WARN_RANGE_LOOP_ANALYSIS = YES;
				CLANG_WARN_STRICT_PROTOTYPES = YES;
				CLANG_WARN_SUSPICIOUS_MOVE = YES;
				CLANG_WARN_UNGUARDED_AVAILABILITY = YES_AGGRESSIVE;
				CLANG_WARN_UNREACHABLE_CODE = YES;
				CLANG_WARN__DUPLICATE_METHOD_MATCH = YES;
				COPY_PHASE_STRIP = NO;
				DEBUG_INFORMATION_FORMAT = dwarf;
				ENABLE_STRICT_OBJC_MSGSEND = YES;
				ENABLE_TESTABILITY = YES;
				ENABLE_USER_SCRIPT_SANDBOXING = YES;
				GCC_C_LANGUAGE_STANDARD = gnu17;
				GCC_DYNAMIC_NO_PIC = NO;
				GCC_NO_COMMON_BLOCKS = YES;
				GCC_OPTIMIZATION_LEVEL = 0;
				GCC_PREPROCESSOR_DEFINITIONS = (
					"DEBUG=1",
					"$(inherited)",
				);
				GCC_WARN_64_TO_32_BIT_CONVERSION = YES;
				GCC_WARN_ABOUT_RETURN_TYPE = YES_ERROR;
				GCC_WARN_UNDECLARED_SELECTOR = YES;
				GCC_WARN_UNINITIALIZED_AUTOS = YES_AGGRESSIVE;
				GCC_WARN_UNUSED_FUNCTION = YES;
				GCC_WARN_UNUSED_VARIABLE = YES;
				IPHONEOS_DEPLOYMENT_TARGET = 17.4;
				LOCALIZATION_PREFERS_STRING_CATALOGS = YES;
				MTL_ENABLE_DEBUG_INFO = INCLUDE_SOURCE;
				MTL_FAST_MATH = YES;
				ONLY_ACTIVE_ARCH = YES;
				SDKROOT = iphoneos;
				SWIFT_ACTIVE_COMPILATION_CONDITIONS = "DEBUG $(inherited)";
				SWIFT_OPTIMIZATION_LEVEL = "-Onone";
			};
			name = Debug;
		};
		CC50F41D2C4C2B700094823C /* Release */ = {
			isa = XCBuildConfiguration;
			buildSettings = {
				ALWAYS_SEARCH_USER_PATHS = NO;
				ASSETCATALOG_COMPILER_GENERATE_SWIFT_ASSET_SYMBOL_EXTENSIONS = YES;
				CLANG_ANALYZER_NONNULL = YES;
				CLANG_ANALYZER_NUMBER_OBJECT_CONVERSION = YES_AGGRESSIVE;
				CLANG_CXX_LANGUAGE_STANDARD = "gnu++20";
				CLANG_ENABLE_MODULES = YES;
				CLANG_ENABLE_OBJC_ARC = YES;
				CLANG_ENABLE_OBJC_WEAK = YES;
				CLANG_WARN_BLOCK_CAPTURE_AUTORELEASING = YES;
				CLANG_WARN_BOOL_CONVERSION = YES;
				CLANG_WARN_COMMA = YES;
				CLANG_WARN_CONSTANT_CONVERSION = YES;
				CLANG_WARN_DEPRECATED_OBJC_IMPLEMENTATIONS = YES;
				CLANG_WARN_DIRECT_OBJC_ISA_USAGE = YES_ERROR;
				CLANG_WARN_DOCUMENTATION_COMMENTS = YES;
				CLANG_WARN_EMPTY_BODY = YES;
				CLANG_WARN_ENUM_CONVERSION = YES;
				CLANG_WARN_INFINITE_RECURSION = YES;
				CLANG_WARN_INT_CONVERSION = YES;
				CLANG_WARN_NON_LITERAL_NULL_CONVERSION = YES;
				CLANG_WARN_OBJC_IMPLICIT_RETAIN_SELF = YES;
				CLANG_WARN_OBJC_LITERAL_CONVERSION = YES;
				CLANG_WARN_OBJC_ROOT_CLASS = YES_ERROR;
				CLANG_WARN_QUOTED_INCLUDE_IN_FRAMEWORK_HEADER = YES;
				CLANG_WARN_RANGE_LOOP_ANALYSIS = YES;
				CLANG_WARN_STRICT_PROTOTYPES = YES;
				CLANG_WARN_SUSPICIOUS_MOVE = YES;
				CLANG_WARN_UNGUARDED_AVAILABILITY = YES_AGGRESSIVE;
				CLANG_WARN_UNREACHABLE_CODE = YES;
				CLANG_WARN__DUPLICATE_METHOD_MATCH = YES;
				COPY_PHASE_STRIP = NO;
				DEBUG_INFORMATION_FORMAT = "dwarf-with-dsym";
				ENABLE_NS_ASSERTIONS = NO;
				ENABLE_STRICT_OBJC_MSGSEND = YES;
				ENABLE_USER_SCRIPT_SANDBOXING = YES;
				GCC_C_LANGUAGE_STANDARD = gnu17;
				GCC_NO_COMMON_BLOCKS = YES;
				GCC_WARN_64_TO_32_BIT_CONVERSION = YES;
				GCC_WARN_ABOUT_RETURN_TYPE = YES_ERROR;
				GCC_WARN_UNDECLARED_SELECTOR = YES;
				GCC_WARN_UNINITIALIZED_AUTOS = YES_AGGRESSIVE;
				GCC_WARN_UNUSED_FUNCTION = YES;
				GCC_WARN_UNUSED_VARIABLE = YES;
				IPHONEOS_DEPLOYMENT_TARGET = 17.4;
				LOCALIZATION_PREFERS_STRING_CATALOGS = YES;
				MTL_ENABLE_DEBUG_INFO = NO;
				MTL_FAST_MATH = YES;
				SDKROOT = iphoneos;
				SWIFT_COMPILATION_MODE = wholemodule;
				VALIDATE_PRODUCT = YES;
			};
			name = Release;
		};
		CC50F41F2C4C2B700094823C /* Debug */ = {
			isa = XCBuildConfiguration;
			buildSettings = {
				ASSETCATALOG_COMPILER_APPICON_NAME = AppIcon;
				ASSETCATALOG_COMPILER_GLOBAL_ACCENT_COLOR_NAME = AccentColor;
				CODE_SIGN_STYLE = Automatic;
				CURRENT_PROJECT_VERSION = 1;
				DEVELOPMENT_ASSET_PATHS = "\"RickAndMorty/Preview Content\"";
				DEVELOPMENT_TEAM = HFYT5JT387;
				ENABLE_PREVIEWS = YES;
				GENERATE_INFOPLIST_FILE = YES;
				INFOPLIST_FILE = RickAndMorty/Info.plist;
				INFOPLIST_KEY_UIApplicationSceneManifest_Generation = YES;
				INFOPLIST_KEY_UIApplicationSupportsIndirectInputEvents = YES;
				INFOPLIST_KEY_UILaunchScreen_Generation = YES;
				INFOPLIST_KEY_UISupportedInterfaceOrientations_iPad = "UIInterfaceOrientationPortrait UIInterfaceOrientationPortraitUpsideDown UIInterfaceOrientationLandscapeLeft UIInterfaceOrientationLandscapeRight";
				INFOPLIST_KEY_UISupportedInterfaceOrientations_iPhone = "UIInterfaceOrientationPortrait UIInterfaceOrientationLandscapeLeft UIInterfaceOrientationLandscapeRight";
				LD_RUNPATH_SEARCH_PATHS = (
					"$(inherited)",
					"@executable_path/Frameworks",
				);
				MARKETING_VERSION = 1.0;
				PRODUCT_BUNDLE_IDENTIFIER = com.ivonneburgos.RickAndMorty;
				PRODUCT_NAME = "$(TARGET_NAME)";
				SWIFT_EMIT_LOC_STRINGS = YES;
				SWIFT_VERSION = 5.0;
				TARGETED_DEVICE_FAMILY = "1,2";
			};
			name = Debug;
		};
		CC50F4202C4C2B700094823C /* Release */ = {
			isa = XCBuildConfiguration;
			buildSettings = {
				ASSETCATALOG_COMPILER_APPICON_NAME = AppIcon;
				ASSETCATALOG_COMPILER_GLOBAL_ACCENT_COLOR_NAME = AccentColor;
				CODE_SIGN_STYLE = Automatic;
				CURRENT_PROJECT_VERSION = 1;
				DEVELOPMENT_ASSET_PATHS = "\"RickAndMorty/Preview Content\"";
				DEVELOPMENT_TEAM = HFYT5JT387;
				ENABLE_PREVIEWS = YES;
				GENERATE_INFOPLIST_FILE = YES;
				INFOPLIST_FILE = RickAndMorty/Info.plist;
				INFOPLIST_KEY_UIApplicationSceneManifest_Generation = YES;
				INFOPLIST_KEY_UIApplicationSupportsIndirectInputEvents = YES;
				INFOPLIST_KEY_UILaunchScreen_Generation = YES;
				INFOPLIST_KEY_UISupportedInterfaceOrientations_iPad = "UIInterfaceOrientationPortrait UIInterfaceOrientationPortraitUpsideDown UIInterfaceOrientationLandscapeLeft UIInterfaceOrientationLandscapeRight";
				INFOPLIST_KEY_UISupportedInterfaceOrientations_iPhone = "UIInterfaceOrientationPortrait UIInterfaceOrientationLandscapeLeft UIInterfaceOrientationLandscapeRight";
				LD_RUNPATH_SEARCH_PATHS = (
					"$(inherited)",
					"@executable_path/Frameworks",
				);
				MARKETING_VERSION = 1.0;
				PRODUCT_BUNDLE_IDENTIFIER = com.ivonneburgos.RickAndMorty;
				PRODUCT_NAME = "$(TARGET_NAME)";
				SWIFT_EMIT_LOC_STRINGS = YES;
				SWIFT_VERSION = 5.0;
				TARGETED_DEVICE_FAMILY = "1,2";
			};
			name = Release;
		};
		CC50F4222C4C2B700094823C /* Debug */ = {
			isa = XCBuildConfiguration;
			buildSettings = {
				ALWAYS_EMBED_SWIFT_STANDARD_LIBRARIES = YES;
				BUNDLE_LOADER = "$(TEST_HOST)";
				CODE_SIGN_STYLE = Automatic;
				CURRENT_PROJECT_VERSION = 1;
				DEVELOPMENT_TEAM = HFYT5JT387;
				GENERATE_INFOPLIST_FILE = YES;
				IPHONEOS_DEPLOYMENT_TARGET = 17.4;
				MARKETING_VERSION = 1.0;
				PRODUCT_BUNDLE_IDENTIFIER = com.ivonneburgos.RickAndMortyTests;
				PRODUCT_NAME = "$(TARGET_NAME)";
				SWIFT_EMIT_LOC_STRINGS = NO;
				SWIFT_VERSION = 5.0;
				TARGETED_DEVICE_FAMILY = "1,2";
				TEST_HOST = "$(BUILT_PRODUCTS_DIR)/RickAndMorty.app/$(BUNDLE_EXECUTABLE_FOLDER_PATH)/RickAndMorty";
			};
			name = Debug;
		};
		CC50F4232C4C2B700094823C /* Release */ = {
			isa = XCBuildConfiguration;
			buildSettings = {
				ALWAYS_EMBED_SWIFT_STANDARD_LIBRARIES = YES;
				BUNDLE_LOADER = "$(TEST_HOST)";
				CODE_SIGN_STYLE = Automatic;
				CURRENT_PROJECT_VERSION = 1;
				DEVELOPMENT_TEAM = HFYT5JT387;
				GENERATE_INFOPLIST_FILE = YES;
				IPHONEOS_DEPLOYMENT_TARGET = 17.4;
				MARKETING_VERSION = 1.0;
				PRODUCT_BUNDLE_IDENTIFIER = com.ivonneburgos.RickAndMortyTests;
				PRODUCT_NAME = "$(TARGET_NAME)";
				SWIFT_EMIT_LOC_STRINGS = NO;
				SWIFT_VERSION = 5.0;
				TARGETED_DEVICE_FAMILY = "1,2";
				TEST_HOST = "$(BUILT_PRODUCTS_DIR)/RickAndMorty.app/$(BUNDLE_EXECUTABLE_FOLDER_PATH)/RickAndMorty";
			};
			name = Release;
		};
		CC50F4252C4C2B700094823C /* Debug */ = {
			isa = XCBuildConfiguration;
			buildSettings = {
				ALWAYS_EMBED_SWIFT_STANDARD_LIBRARIES = YES;
				CODE_SIGN_STYLE = Automatic;
				CURRENT_PROJECT_VERSION = 1;
				DEVELOPMENT_TEAM = HFYT5JT387;
				GENERATE_INFOPLIST_FILE = YES;
				MARKETING_VERSION = 1.0;
				PRODUCT_BUNDLE_IDENTIFIER = com.ivonneburgos.RickAndMortyUITests;
				PRODUCT_NAME = "$(TARGET_NAME)";
				SWIFT_EMIT_LOC_STRINGS = NO;
				SWIFT_VERSION = 5.0;
				TARGETED_DEVICE_FAMILY = "1,2";
				TEST_TARGET_NAME = RickAndMorty;
			};
			name = Debug;
		};
		CC50F4262C4C2B700094823C /* Release */ = {
			isa = XCBuildConfiguration;
			buildSettings = {
				ALWAYS_EMBED_SWIFT_STANDARD_LIBRARIES = YES;
				CODE_SIGN_STYLE = Automatic;
				CURRENT_PROJECT_VERSION = 1;
				DEVELOPMENT_TEAM = HFYT5JT387;
				GENERATE_INFOPLIST_FILE = YES;
				MARKETING_VERSION = 1.0;
				PRODUCT_BUNDLE_IDENTIFIER = com.ivonneburgos.RickAndMortyUITests;
				PRODUCT_NAME = "$(TARGET_NAME)";
				SWIFT_EMIT_LOC_STRINGS = NO;
				SWIFT_VERSION = 5.0;
				TARGETED_DEVICE_FAMILY = "1,2";
				TEST_TARGET_NAME = RickAndMorty;
			};
			name = Release;
		};
/* End XCBuildConfiguration section */

/* Begin XCConfigurationList section */
		CC50F3F02C4C2B6E0094823C /* Build configuration list for PBXProject "RickAndMorty" */ = {
			isa = XCConfigurationList;
			buildConfigurations = (
				CC50F41C2C4C2B700094823C /* Debug */,
				CC50F41D2C4C2B700094823C /* Release */,
			);
			defaultConfigurationIsVisible = 0;
			defaultConfigurationName = Release;
		};
		CC50F41E2C4C2B700094823C /* Build configuration list for PBXNativeTarget "RickAndMorty" */ = {
			isa = XCConfigurationList;
			buildConfigurations = (
				CC50F41F2C4C2B700094823C /* Debug */,
				CC50F4202C4C2B700094823C /* Release */,
			);
			defaultConfigurationIsVisible = 0;
			defaultConfigurationName = Release;
		};
		CC50F4212C4C2B700094823C /* Build configuration list for PBXNativeTarget "RickAndMortyTests" */ = {
			isa = XCConfigurationList;
			buildConfigurations = (
				CC50F4222C4C2B700094823C /* Debug */,
				CC50F4232C4C2B700094823C /* Release */,
			);
			defaultConfigurationIsVisible = 0;
			defaultConfigurationName = Release;
		};
		CC50F4242C4C2B700094823C /* Build configuration list for PBXNativeTarget "RickAndMortyUITests" */ = {
			isa = XCConfigurationList;
			buildConfigurations = (
				CC50F4252C4C2B700094823C /* Debug */,
				CC50F4262C4C2B700094823C /* Release */,
			);
			defaultConfigurationIsVisible = 0;
			defaultConfigurationName = Release;
		};
/* End XCConfigurationList section */

/* Begin XCVersionGroup section */
		CC50F4032C4C2B6F0094823C /* RickAndMorty.xcdatamodeld */ = {
			isa = XCVersionGroup;
			children = (
				CC50F4042C4C2B6F0094823C /* RickAndMorty.xcdatamodel */,
			);
			currentVersion = CC50F4042C4C2B6F0094823C /* RickAndMorty.xcdatamodel */;
			path = RickAndMorty.xcdatamodeld;
			sourceTree = "<group>";
			versionGroupType = wrapper.xcdatamodel;
		};
/* End XCVersionGroup section */
	};
	rootObject = CC50F3ED2C4C2B6E0094823C /* Project object */;
}
